
Microsoft Visual Studio Solution File, Format Version 12.00
# Visual Studio Version 16
VisualStudioVersion = 16.0.30404.54
MinimumVisualStudioVersion = 10.0.40219.1
Project("{FAE04EC0-301F-11D3-BF4B-00C04F79EFBC}") = "BDTPoM", "BDTPoM\BDTPoM.csproj", "{352CF952-8671-4299-A374-BE47432CDFAD}"
EndProject
Global
	GlobalSection(SolutionConfigurationPlatforms) = preSolution
		Debug|Any CPU = Debug|Any CPU
		Release|Any CPU = Release|Any CPU
	EndGlobalSection
	GlobalSection(ProjectConfigurationPlatforms) = postSolution
		{352CF952-8671-4299-A374-BE47432CDFAD}.Debug|Any CPU.ActiveCfg = Debug|Any CPU
		{352CF952-8671-4299-A374-BE47432CDFAD}.Debug|Any CPU.Build.0 = Debug|Any CPU
		{352CF952-8671-4299-A374-BE47432CDFAD}.Release|Any CPU.ActiveCfg = Release|Any CPU
		{352CF952-8671-4299-A374-BE47432CDFAD}.Release|Any CPU.Build.0 = Release|Any CPU
	EndGlobalSection
	GlobalSection(SolutionProperties) = preSolution
		HideSolutionNode = FALSE
	EndGlobalSection
	GlobalSection(ExtensibilityGlobals) = postSolution
		SolutionGuid = {87488E32-1ACC-450E-A7AD-64436439DF89}
	EndGlobalSection
EndGlobal
